{
  "requires": true,
  "lockfileVersion": 1,
  "dependencies": {
    "deparam.js": {
      "version": "2.1.1",
      "resolved": "https://registry.npmjs.org/deparam.js/-/deparam.js-2.1.1.tgz",
      "integrity": "sha512-aM91s5UjPC7xbjS17Q0s/SATYv0BkWC4NtlDRPesNZIM8rbkRkIlCjwvR1Ljjh4npuLYict+0BjAKkPONqX7tQ=="
    },
    "jquery": {
      "version": "3.4.1",
      "resolved": "https://registry.npmjs.org/jquery/-/jquery-3.4.1.tgz",
      "integrity": "sha512-36+AdBzCL+y6qjw5Tx7HgzeGCzC81MDDgaUP8ld2zhx58HdqXGoBd+tHdrBMiyjGQs0Hxs/MLZTu/eHNJJuWPw=="
    },
    "jqueryrouter": {
      "version": "2.2.8",
      "resolved": "https://registry.npmjs.org/jqueryrouter/-/jqueryrouter-2.2.8.tgz",
      "integrity": "sha512-hzibgAUl2wCFy/yqATkwAetlZur0YdkBUPpgcKkAsU/AtNWEF7y4UCq0XjI07bUkiplv0Zu1VR5Rb7jP+ffS+w=="
    }
  }
}
